
Microsoft Visual Studio Solution File, Format Version 12.00
# Visual Studio Version 17
VisualStudioVersion = 17.0.32014.148
MinimumVisualStudioVersion = 10.0.40219.1
Project("{FAE04EC0-301F-11D3-BF4B-00C04F79EFBC}") = "primeiroCodigo", "primeiroCodigo\primeiroCodigo.csproj", "{AB2A343E-412F-489F-9D1D-9FC4611F337B}"
EndProject
Global
	GlobalSection(SolutionConfigurationPlatforms) = preSolution
		Debug|Any CPU = Debug|Any CPU
		Release|Any CPU = Release|Any CPU
	EndGlobalSection
	GlobalSection(ProjectConfigurationPlatforms) = postSolution
		{AB2A343E-412F-489F-9D1D-9FC4611F337B}.Debug|Any CPU.ActiveCfg = Debug|Any CPU
		{AB2A343E-412F-489F-9D1D-9FC4611F337B}.Debug|Any CPU.Build.0 = Debug|Any CPU
		{AB2A343E-412F-489F-9D1D-9FC4611F337B}.Release|Any CPU.ActiveCfg = Release|Any CPU
		{AB2A343E-412F-489F-9D1D-9FC4611F337B}.Release|Any CPU.Build.0 = Release|Any CPU
	EndGlobalSection
	GlobalSection(SolutionProperties) = preSolution
		HideSolutionNode = FALSE
	EndGlobalSection
	GlobalSection(ExtensibilityGlobals) = postSolution
		SolutionGuid = {04D64952-C399-45EF-AFC8-ACFA7651826C}
	EndGlobalSection
EndGlobal
